
Microsoft Visual Studio Solution File, Format Version 12.00
# Visual Studio Version 16
VisualStudioVersion = 16.0.35325.158
MinimumVisualStudioVersion = 10.0.40219.1
Project("{FAE04EC0-301F-11D3-BF4B-00C04F79EFBC}") = "ImageAdding", "ImageAdding.csproj", "{43FADB36-91F1-4F0D-915F-A0E2E1217253}"
EndProject
Global
	GlobalSection(SolutionConfigurationPlatforms) = preSolution
		Debug|Any CPU = Debug|Any CPU
		Release|Any CPU = Release|Any CPU
	EndGlobalSection
	GlobalSection(ProjectConfigurationPlatforms) = postSolution
		{43FADB36-91F1-4F0D-915F-A0E2E1217253}.Debug|Any CPU.ActiveCfg = Debug|Any CPU
		{43FADB36-91F1-4F0D-915F-A0E2E1217253}.Debug|Any CPU.Build.0 = Debug|Any CPU
		{43FADB36-91F1-4F0D-915F-A0E2E1217253}.Release|Any CPU.ActiveCfg = Release|Any CPU
		{43FADB36-91F1-4F0D-915F-A0E2E1217253}.Release|Any CPU.Build.0 = Release|Any CPU
	EndGlobalSection
	GlobalSection(SolutionProperties) = preSolution
		HideSolutionNode = FALSE
	EndGlobalSection
	GlobalSection(ExtensibilityGlobals) = postSolution
		SolutionGuid = {B900CD53-F3C6-4657-98F6-6C466F016BBE}
	EndGlobalSection
EndGlobal
