
Microsoft Visual Studio Solution File, Format Version 12.00
# Visual Studio Version 16
VisualStudioVersion = 16.0.35325.158
MinimumVisualStudioVersion = 10.0.40219.1
Project("{FAE04EC0-301F-11D3-BF4B-00C04F79EFBC}") = "PracticeDemo", "PracticeDemo.csproj", "{5D101F1F-49F2-4593-9AD7-44B983C9DFC2}"
EndProject
Global
	GlobalSection(SolutionConfigurationPlatforms) = preSolution
		Debug|Any CPU = Debug|Any CPU
		Release|Any CPU = Release|Any CPU
	EndGlobalSection
	GlobalSection(ProjectConfigurationPlatforms) = postSolution
		{5D101F1F-49F2-4593-9AD7-44B983C9DFC2}.Debug|Any CPU.ActiveCfg = Debug|Any CPU
		{5D101F1F-49F2-4593-9AD7-44B983C9DFC2}.Debug|Any CPU.Build.0 = Debug|Any CPU
		{5D101F1F-49F2-4593-9AD7-44B983C9DFC2}.Release|Any CPU.ActiveCfg = Release|Any CPU
		{5D101F1F-49F2-4593-9AD7-44B983C9DFC2}.Release|Any CPU.Build.0 = Release|Any CPU
	EndGlobalSection
	GlobalSection(SolutionProperties) = preSolution
		HideSolutionNode = FALSE
	EndGlobalSection
	GlobalSection(ExtensibilityGlobals) = postSolution
		SolutionGuid = {09D84779-4996-4368-8B17-E048F4AF5706}
	EndGlobalSection
EndGlobal
